# This file is automatically @generated by Cargo.
# It is not intended for manual editing.
version = 4

[[package]]
name = "krowk"
version = "0.0.0"
dependencies = [
 "krowk-api",
 "krowk-store",
]

[[package]]
name = "krowk-api"
version = "0.0.0"

[[package]]
name = "krowk-golden"
version = "0.0.0"

[[package]]
name = "krowk-store"
version = "0.0.0"
